// !$*UTF8*$!
{
	archiveVersion = 1;
	classes = {
	};
	objectVersion = 50;
	objects = {

/* Begin PBXBuildFile section */
		C20149FD217E9B13009E27E5 /* AppDelegate.swift in Sources */ = {isa = PBXBuildFile; fileRef = C20149FC217E9B13009E27E5 /* AppDelegate.swift */; };
		C20149FF217E9B13009E27E5 /* ViewController.swift in Sources */ = {isa = PBXBuildFile; fileRef = C20149FE217E9B13009E27E5 /* ViewController.swift */; };
		C2014A02217E9B13009E27E5 /* Main.storyboard in Resources */ = {isa = PBXBuildFile; fileRef = C2014A00217E9B13009E27E5 /* Main.storyboard */; };
		C2014A04217E9B15009E27E5 /* Assets.xcassets in Resources */ = {isa = PBXBuildFile; fileRef = C2014A03217E9B15009E27E5 /* Assets.xcassets */; };
		C2014A07217E9B15009E27E5 /* LaunchScreen.storyboard in Resources */ = {isa = PBXBuildFile; fileRef = C2014A05217E9B15009E27E5 /* LaunchScreen.storyboard */; };
		C2014A12217E9B15009E27E5 /* MartianNewsTests.swift in Sources */ = {isa = PBXBuildFile; fileRef = C2014A11217E9B15009E27E5 /* MartianNewsTests.swift */; };
		C2014A1E217E9F9F009E27E5 /* ArticleModels.swift in Sources */ = {isa = PBXBuildFile; fileRef = C2014A1D217E9F9F009E27E5 /* ArticleModels.swift */; };
		C2014A20217EA19A009E27E5 /* ArticleAPI.swift in Sources */ = {isa = PBXBuildFile; fileRef = C2014A1F217EA19A009E27E5 /* ArticleAPI.swift */; };
		C2014A23217EAC6B009E27E5 /* ListViewController.swift in Sources */ = {isa = PBXBuildFile; fileRef = C2014A22217EAC6B009E27E5 /* ListViewController.swift */; };
		C2014A26217EB11E009E27E5 /* ArticleTableViewCell.swift in Sources */ = {isa = PBXBuildFile; fileRef = C2014A25217EB11E009E27E5 /* ArticleTableViewCell.swift */; };
		C2014A28217EB9A0009E27E5 /* ArticleViewController.swift in Sources */ = {isa = PBXBuildFile; fileRef = C2014A27217EB9A0009E27E5 /* ArticleViewController.swift */; };
		C2014A2A21823024009E27E5 /* Translator.swift in Sources */ = {isa = PBXBuildFile; fileRef = C2014A2921823024009E27E5 /* Translator.swift */; };
/* End PBXBuildFile section */

/* Begin PBXContainerItemProxy section */
		C2014A0E217E9B15009E27E5 /* PBXContainerItemProxy */ = {
			isa = PBXContainerItemProxy;
			containerPortal = C20149F1217E9B13009E27E5 /* Project object */;
			proxyType = 1;
			remoteGlobalIDString = C20149F8217E9B13009E27E5;
			remoteInfo = MartianNews;
		};
/* End PBXContainerItemProxy section */

/* Begin PBXFileReference section */
		C20149F9217E9B13009E27E5 /* MartianNews.app */ = {isa = PBXFileReference; explicitFileType = wrapper.application; includeInIndex = 0; path = MartianNews.app; sourceTree = BUILT_PRODUCTS_DIR; };
		C20149FC217E9B13009E27E5 /* AppDelegate.swift */ = {isa = PBXFileReference; lastKnownFileType = sourcecode.swift; path = AppDelegate.swift; sourceTree = "<group>"; };
		C20149FE217E9B13009E27E5 /* ViewController.swift */ = {isa = PBXFileReference; lastKnownFileType = sourcecode.swift; path = ViewController.swift; sourceTree = "<group>"; };
		C2014A01217E9B13009E27E5 /* Base */ = {isa = PBXFileReference; lastKnownFileType = file.storyboard; name = Base; path = Base.lproj/Main.storyboard; sourceTree = "<group>"; };
		C2014A03217E9B15009E27E5 /* Assets.xcassets */ = {isa = PBXFileReference; lastKnownFileType = folder.assetcatalog; path = Assets.xcassets; sourceTree = "<group>"; };
		C2014A06217E9B15009E27E5 /* Base */ = {isa = PBXFileReference; lastKnownFileType = file.storyboard; name = Base; path = Base.lproj/LaunchScreen.storyboard; sourceTree = "<group>"; };
		C2014A08217E9B15009E27E5 /* Info.plist */ = {isa = PBXFileReference; lastKnownFileType = text.plist.xml; path = Info.plist; sourceTree = "<group>"; };
		C2014A0D217E9B15009E27E5 /* MartianNewsTests.xctest */ = {isa = PBXFileReference; explicitFileType = wrapper.cfbundle; includeInIndex = 0; path = MartianNewsTests.xctest; sourceTree = BUILT_PRODUCTS_DIR; };
		C2014A11217E9B15009E27E5 /* MartianNewsTests.swift */ = {isa = PBXFileReference; lastKnownFileType = sourcecode.swift; path = MartianNewsTests.swift; sourceTree = "<group>"; };
		C2014A13217E9B15009E27E5 /* Info.plist */ = {isa = PBXFileReference; lastKnownFileType = text.plist.xml; path = Info.plist; sourceTree = "<group>"; };
		C2014A1D217E9F9F009E27E5 /* ArticleModels.swift */ = {isa = PBXFileReference; lastKnownFileType = sourcecode.swift; path = ArticleModels.swift; sourceTree = "<group>"; };
		C2014A1F217EA19A009E27E5 /* ArticleAPI.swift */ = {isa = PBXFileReference; lastKnownFileType = sourcecode.swift; path = ArticleAPI.swift; sourceTree = "<group>"; };
		C2014A22217EAC6B009E27E5 /* ListViewController.swift */ = {isa = PBXFileReference; lastKnownFileType = sourcecode.swift; path = ListViewController.swift; sourceTree = "<group>"; };
		C2014A25217EB11E009E27E5 /* ArticleTableViewCell.swift */ = {isa = PBXFileReference; lastKnownFileType = sourcecode.swift; path = ArticleTableViewCell.swift; sourceTree = "<group>"; };
		C2014A27217EB9A0009E27E5 /* ArticleViewController.swift */ = {isa = PBXFileReference; lastKnownFileType = sourcecode.swift; path = ArticleViewController.swift; sourceTree = "<group>"; };
		C2014A2921823024009E27E5 /* Translator.swift */ = {isa = PBXFileReference; lastKnownFileType = sourcecode.swift; path = Translator.swift; sourceTree = "<group>"; };
/* End PBXFileReference section */

/* Begin PBXFrameworksBuildPhase section */
		C20149F6217E9B13009E27E5 /* Frameworks */ = {
			isa = PBXFrameworksBuildPhase;
			buildActionMask = 2147483647;
			files = (
			);
			runOnlyForDeploymentPostprocessing = 0;
		};
		C2014A0A217E9B15009E27E5 /* Frameworks */ = {
			isa = PBXFrameworksBuildPhase;
			buildActionMask = 2147483647;
			files = (
			);
			runOnlyForDeploymentPostprocessing = 0;
		};
/* End PBXFrameworksBuildPhase section */

/* Begin PBXGroup section */
		C20149F0217E9B13009E27E5 = {
			isa = PBXGroup;
			children = (
				C20149FB217E9B13009E27E5 /* MartianNews */,
				C2014A10217E9B15009E27E5 /* MartianNewsTests */,
				C20149FA217E9B13009E27E5 /* Products */,
			);
			sourceTree = "<group>";
		};
		C20149FA217E9B13009E27E5 /* Products */ = {
			isa = PBXGroup;
			children = (
				C20149F9217E9B13009E27E5 /* MartianNews.app */,
				C2014A0D217E9B15009E27E5 /* MartianNewsTests.xctest */,
			);
			name = Products;
			sourceTree = "<group>";
		};
		C20149FB217E9B13009E27E5 /* MartianNews */ = {
			isa = PBXGroup;
			children = (
				C20149FC217E9B13009E27E5 /* AppDelegate.swift */,
				C2014A00217E9B13009E27E5 /* Main.storyboard */,
				C2014A24217EB104009E27E5 /* Views */,
				C2014A21217EAC52009E27E5 /* Controllers */,
				C2014A1C217E9F8F009E27E5 /* Model */,
				C2014A03217E9B15009E27E5 /* Assets.xcassets */,
				C2014A05217E9B15009E27E5 /* LaunchScreen.storyboard */,
				C2014A08217E9B15009E27E5 /* Info.plist */,
			);
			path = MartianNews;
			sourceTree = "<group>";
		};
		C2014A10217E9B15009E27E5 /* MartianNewsTests */ = {
			isa = PBXGroup;
			children = (
				C2014A11217E9B15009E27E5 /* MartianNewsTests.swift */,
				C2014A13217E9B15009E27E5 /* Info.plist */,
			);
			path = MartianNewsTests;
			sourceTree = "<group>";
		};
		C2014A1C217E9F8F009E27E5 /* Model */ = {
			isa = PBXGroup;
			children = (
				C2014A1D217E9F9F009E27E5 /* ArticleModels.swift */,
				C2014A1F217EA19A009E27E5 /* ArticleAPI.swift */,
				C2014A2921823024009E27E5 /* Translator.swift */,
			);
			path = Model;
			sourceTree = "<group>";
		};
		C2014A21217EAC52009E27E5 /* Controllers */ = {
			isa = PBXGroup;
			children = (
				C20149FE217E9B13009E27E5 /* ViewController.swift */,
				C2014A27217EB9A0009E27E5 /* ArticleViewController.swift */,
				C2014A22217EAC6B009E27E5 /* ListViewController.swift */,
			);
			path = Controllers;
			sourceTree = "<group>";
		};
		C2014A24217EB104009E27E5 /* Views */ = {
			isa = PBXGroup;
			children = (
				C2014A25217EB11E009E27E5 /* ArticleTableViewCell.swift */,
			);
			path = Views;
			sourceTree = "<group>";
		};
/* End PBXGroup section */

/* Begin PBXNativeTarget section */
		C20149F8217E9B13009E27E5 /* MartianNews */ = {
			isa = PBXNativeTarget;
			buildConfigurationList = C2014A16217E9B15009E27E5 /* Build configuration list for PBXNativeTarget "MartianNews" */;
			buildPhases = (
				C20149F5217E9B13009E27E5 /* Sources */,
				C20149F6217E9B13009E27E5 /* Frameworks */,
				C20149F7217E9B13009E27E5 /* Resources */,
			);
			buildRules = (
			);
			dependencies = (
			);
			name = MartianNews;
			productName = MartianNews;
			productReference = C20149F9217E9B13009E27E5 /* MartianNews.app */;
			productType = "com.apple.product-type.application";
		};
		C2014A0C217E9B15009E27E5 /* MartianNewsTests */ = {
			isa = PBXNativeTarget;
			buildConfigurationList = C2014A19217E9B15009E27E5 /* Build configuration list for PBXNativeTarget "MartianNewsTests" */;
			buildPhases = (
				C2014A09217E9B15009E27E5 /* Sources */,
				C2014A0A217E9B15009E27E5 /* Frameworks */,
				C2014A0B217E9B15009E27E5 /* Resources */,
			);
			buildRules = (
			);
			dependencies = (
				C2014A0F217E9B15009E27E5 /* PBXTargetDependency */,
			);
			name = MartianNewsTests;
			productName = MartianNewsTests;
			productReference = C2014A0D217E9B15009E27E5 /* MartianNewsTests.xctest */;
			productType = "com.apple.product-type.bundle.unit-test";
		};
/* End PBXNativeTarget section */

/* Begin PBXProject section */
		C20149F1217E9B13009E27E5 /* Project object */ = {
			isa = PBXProject;
			attributes = {
				LastSwiftUpdateCheck = 1000;
				LastUpgradeCheck = 1000;
				ORGANIZATIONNAME = "Gula, Inc.";
				TargetAttributes = {
					C20149F8217E9B13009E27E5 = {
						CreatedOnToolsVersion = 10.0;
					};
					C2014A0C217E9B15009E27E5 = {
						CreatedOnToolsVersion = 10.0;
						TestTargetID = C20149F8217E9B13009E27E5;
					};
				};
			};
			buildConfigurationList = C20149F4217E9B13009E27E5 /* Build configuration list for PBXProject "MartianNews" */;
			compatibilityVersion = "Xcode 9.3";
			developmentRegion = en;
			hasScannedForEncodings = 0;
			knownRegions = (
				en,
				Base,
			);
			mainGroup = C20149F0217E9B13009E27E5;
			productRefGroup = C20149FA217E9B13009E27E5 /* Products */;
			projectDirPath = "";
			projectRoot = "";
			targets = (
				C20149F8217E9B13009E27E5 /* MartianNews */,
				C2014A0C217E9B15009E27E5 /* MartianNewsTests */,
			);
		};
/* End PBXProject section */

/* Begin PBXResourcesBuildPhase section */
		C20149F7217E9B13009E27E5 /* Resources */ = {
			isa = PBXResourcesBuildPhase;
			buildActionMask = 2147483647;
			files = (
				C2014A07217E9B15009E27E5 /* LaunchScreen.storyboard in Resources */,
				C2014A04217E9B15009E27E5 /* Assets.xcassets in Resources */,
				C2014A02217E9B13009E27E5 /* Main.storyboard in Resources */,
			);
			runOnlyForDeploymentPostprocessing = 0;
		};
		C2014A0B217E9B15009E27E5 /* Resources */ = {
			isa = PBXResourcesBuildPhase;
			buildActionMask = 2147483647;
			files = (
			);
			runOnlyForDeploymentPostprocessing = 0;
		};
/* End PBXResourcesBuildPhase section */

/* Begin PBXSourcesBuildPhase section */
		C20149F5217E9B13009E27E5 /* Sources */ = {
			isa = PBXSourcesBuildPhase;
			buildActionMask = 2147483647;
			files = (
				C20149FF217E9B13009E27E5 /* ViewController.swift in Sources */,
				C2014A20217EA19A009E27E5 /* ArticleAPI.swift in Sources */,
				C2014A28217EB9A0009E27E5 /* ArticleViewController.swift in Sources */,
				C2014A1E217E9F9F009E27E5 /* ArticleModels.swift in Sources */,
				C2014A23217EAC6B009E27E5 /* ListViewController.swift in Sources */,
				C2014A2A21823024009E27E5 /* Translator.swift in Sources */,
				C2014A26217EB11E009E27E5 /* ArticleTableViewCell.swift in Sources */,
				C20149FD217E9B13009E27E5 /* AppDelegate.swift in Sources */,
			);
			runOnlyForDeploymentPostprocessing = 0;
		};
		C2014A09217E9B15009E27E5 /* Sources */ = {
			isa = PBXSourcesBuildPhase;
			buildActionMask = 2147483647;
			files = (
				C2014A12217E9B15009E27E5 /* MartianNewsTests.swift in Sources */,
			);
			runOnlyForDeploymentPostprocessing = 0;
		};
/* End PBXSourcesBuildPhase section */

/* Begin PBXTargetDependency section */
		C2014A0F217E9B15009E27E5 /* PBXTargetDependency */ = {
			isa = PBXTargetDependency;
			target = C20149F8217E9B13009E27E5 /* MartianNews */;
			targetProxy = C2014A0E217E9B15009E27E5 /* PBXContainerItemProxy */;
		};
/* End PBXTargetDependency section */

/* Begin PBXVariantGroup section */
		C2014A00217E9B13009E27E5 /* Main.storyboard */ = {
			isa = PBXVariantGroup;
			children = (
				C2014A01217E9B13009E27E5 /* Base */,
			);
			name = Main.storyboard;
			sourceTree = "<group>";
		};
		C2014A05217E9B15009E27E5 /* LaunchScreen.storyboard */ = {
			isa = PBXVariantGroup;
			children = (
				C2014A06217E9B15009E27E5 /* Base */,
			);
			name = LaunchScreen.storyboard;
			sourceTree = "<group>";
		};
/* End PBXVariantGroup section */

/* Begin XCBuildConfiguration section */
		C2014A14217E9B15009E27E5 /* Debug */ = {
			isa = XCBuildConfiguration;
			buildSettings = {
				ALWAYS_SEARCH_USER_PATHS = NO;
				CLANG_ANALYZER_NONNULL = YES;
				CLANG_ANALYZER_NUMBER_OBJECT_CONVERSION = YES_AGGRESSIVE;
				CLANG_CXX_LANGUAGE_STANDARD = "gnu++14";
				CLANG_CXX_LIBRARY = "libc++";
				CLANG_ENABLE_MODULES = YES;
				CLANG_ENABLE_OBJC_ARC = YES;
				CLANG_ENABLE_OBJC_WEAK = YES;
				CLANG_WARN_BLOCK_CAPTURE_AUTORELEASING = YES;
				CLANG_WARN_BOOL_CONVERSION = YES;
				CLANG_WARN_COMMA = YES;
				CLANG_WARN_CONSTANT_CONVERSION = YES;
				CLANG_WARN_DEPRECATED_OBJC_IMPLEMENTATIONS = YES;
				CLANG_WARN_DIRECT_OBJC_ISA_USAGE = YES_ERROR;
				CLANG_WARN_DOCUMENTATION_COMMENTS = YES;
				CLANG_WARN_EMPTY_BODY = YES;
				CLANG_WARN_ENUM_CONVERSION = YES;
				CLANG_WARN_INFINITE_RECURSION = YES;
				CLANG_WARN_INT_CONVERSION = YES;
				CLANG_WARN_NON_LITERAL_NULL_CONVERSION = YES;
				CLANG_WARN_OBJC_IMPLICIT_RETAIN_SELF = YES;
				CLANG_WARN_OBJC_LITERAL_CONVERSION = YES;
				CLANG_WARN_OBJC_ROOT_CLASS = YES_ERROR;
				CLANG_WARN_RANGE_LOOP_ANALYSIS = YES;
				CLANG_WARN_STRICT_PROTOTYPES = YES;
				CLANG_WARN_SUSPICIOUS_MOVE = YES;
				CLANG_WARN_UNGUARDED_AVAILABILITY = YES_AGGRESSIVE;
				CLANG_WARN_UNREACHABLE_CODE = YES;
				CLANG_WARN__DUPLICATE_METHOD_MATCH = YES;
				CODE_SIGN_IDENTITY = "iPhone Developer";
				COPY_PHASE_STRIP = NO;
				DEBUG_INFORMATION_FORMAT = dwarf;
				ENABLE_STRICT_OBJC_MSGSEND = YES;
				ENABLE_TESTABILITY = YES;
				GCC_C_LANGUAGE_STANDARD = gnu11;
				GCC_DYNAMIC_NO_PIC = NO;
				GCC_NO_COMMON_BLOCKS = YES;
				GCC_OPTIMIZATION_LEVEL = 0;
				GCC_PREPROCESSOR_DEFINITIONS = (
					"DEBUG=1",
					"$(inherited)",
				);
				GCC_WARN_64_TO_32_BIT_CONVERSION = YES;
				GCC_WARN_ABOUT_RETURN_TYPE = YES_ERROR;
				GCC_WARN_UNDECLARED_SELECTOR = YES;
				GCC_WARN_UNINITIALIZED_AUTOS = YES_AGGRESSIVE;
				GCC_WARN_UNUSED_FUNCTION = YES;
				GCC_WARN_UNUSED_VARIABLE = YES;
				IPHONEOS_DEPLOYMENT_TARGET = 12.0;
				MTL_ENABLE_DEBUG_INFO = INCLUDE_SOURCE;
				MTL_FAST_MATH = YES;
				ONLY_ACTIVE_ARCH = YES;
				SDKROOT = iphoneos;
				SWIFT_ACTIVE_COMPILATION_CONDITIONS = DEBUG;
				SWIFT_OPTIMIZATION_LEVEL = "-Onone";
			};
			name = Debug;
		};
		C2014A15217E9B15009E27E5 /* Release */ = {
			isa = XCBuildConfiguration;
			buildSettings = {
				ALWAYS_SEARCH_USER_PATHS = NO;
				CLANG_ANALYZER_NONNULL = YES;
				CLANG_ANALYZER_NUMBER_OBJECT_CONVERSION = YES_AGGRESSIVE;
				CLANG_CXX_LANGUAGE_STANDARD = "gnu++14";
				CLANG_CXX_LIBRARY = "libc++";
				CLANG_ENABLE_MODULES = YES;
				CLANG_ENABLE_OBJC_ARC = YES;
				CLANG_ENABLE_OBJC_WEAK = YES;
				CLANG_WARN_BLOCK_CAPTURE_AUTORELEASING = YES;
				CLANG_WARN_BOOL_CONVERSION = YES;
				CLANG_WARN_COMMA = YES;
				CLANG_WARN_CONSTANT_CONVERSION = YES;
				CLANG_WARN_DEPRECATED_OBJC_IMPLEMENTATIONS = YES;
				CLANG_WARN_DIRECT_OBJC_ISA_USAGE = YES_ERROR;
				CLANG_WARN_DOCUMENTATION_COMMENTS = YES;
				CLANG_WARN_EMPTY_BODY = YES;
				CLANG_WARN_ENUM_CONVERSION = YES;
				CLANG_WARN_INFINITE_RECURSION = YES;
				CLANG_WARN_INT_CONVERSION = YES;
				CLANG_WARN_NON_LITERAL_NULL_CONVERSION = YES;
				CLANG_WARN_OBJC_IMPLICIT_RETAIN_SELF = YES;
				CLANG_WARN_OBJC_LITERAL_CONVERSION = YES;
				CLANG_WARN_OBJC_ROOT_CLASS = YES_ERROR;
				CLANG_WARN_RANGE_LOOP_ANALYSIS = YES;
				CLANG_WARN_STRICT_PROTOTYPES = YES;
				CLANG_WARN_SUSPICIOUS_MOVE = YES;
				CLANG_WARN_UNGUARDED_AVAILABILITY = YES_AGGRESSIVE;
				CLANG_WARN_UNREACHABLE_CODE = YES;
				CLANG_WARN__DUPLICATE_METHOD_MATCH = YES;
				CODE_SIGN_IDENTITY = "iPhone Developer";
				COPY_PHASE_STRIP = NO;
				DEBUG_INFORMATION_FORMAT = "dwarf-with-dsym";
				ENABLE_NS_ASSERTIONS = NO;
				ENABLE_STRICT_OBJC_MSGSEND = YES;
				GCC_C_LANGUAGE_STANDARD = gnu11;
				GCC_NO_COMMON_BLOCKS = YES;
				GCC_WARN_64_TO_32_BIT_CONVERSION = YES;
				GCC_WARN_ABOUT_RETURN_TYPE = YES_ERROR;
				GCC_WARN_UNDECLARED_SELECTOR = YES;
				GCC_WARN_UNINITIALIZED_AUTOS = YES_AGGRESSIVE;
				GCC_WARN_UNUSED_FUNCTION = YES;
				GCC_WARN_UNUSED_VARIABLE = YES;
				IPHONEOS_DEPLOYMENT_TARGET = 12.0;
				MTL_ENABLE_DEBUG_INFO = NO;
				MTL_FAST_MATH = YES;
				SDKROOT = iphoneos;
				SWIFT_COMPILATION_MODE = wholemodule;
				SWIFT_OPTIMIZATION_LEVEL = "-O";
				VALIDATE_PRODUCT = YES;
			};
			name = Release;
		};
		C2014A17217E9B15009E27E5 /* Debug */ = {
			isa = XCBuildConfiguration;
			buildSettings = {
				ASSETCATALOG_COMPILER_APPICON_NAME = AppIcon;
				CODE_SIGN_STYLE = Automatic;
				DEVELOPMENT_TEAM = 46H87FN8Z3;
				INFOPLIST_FILE = MartianNews/Info.plist;
				LD_RUNPATH_SEARCH_PATHS = (
					"$(inherited)",
					"@executable_path/Frameworks",
				);
				PRODUCT_BUNDLE_IDENTIFIER = io.gula.MartianNews;
				PRODUCT_NAME = "$(TARGET_NAME)";
				SWIFT_VERSION = 4.2;
				TARGETED_DEVICE_FAMILY = "1,2";
			};
			name = Debug;
		};
		C2014A18217E9B15009E27E5 /* Release */ = {
			isa = XCBuildConfiguration;
			buildSettings = {
				ASSETCATALOG_COMPILER_APPICON_NAME = AppIcon;
				CODE_SIGN_STYLE = Automatic;
				DEVELOPMENT_TEAM = 46H87FN8Z3;
				INFOPLIST_FILE = MartianNews/Info.plist;
				LD_RUNPATH_SEARCH_PATHS = (
					"$(inherited)",
					"@executable_path/Frameworks",
				);
				PRODUCT_BUNDLE_IDENTIFIER = io.gula.MartianNews;
				PRODUCT_NAME = "$(TARGET_NAME)";
				SWIFT_VERSION = 4.2;
				TARGETED_DEVICE_FAMILY = "1,2";
			};
			name = Release;
		};
		C2014A1A217E9B15009E27E5 /* Debug */ = {
			isa = XCBuildConfiguration;
			buildSettings = {
				ALWAYS_EMBED_SWIFT_STANDARD_LIBRARIES = YES;
				BUNDLE_LOADER = "$(TEST_HOST)";
				CODE_SIGN_STYLE = Automatic;
				DEVELOPMENT_TEAM = 46H87FN8Z3;
				INFOPLIST_FILE = MartianNewsTests/Info.plist;
				LD_RUNPATH_SEARCH_PATHS = (
					"$(inherited)",
					"@executable_path/Frameworks",
					"@loader_path/Frameworks",
				);
				PRODUCT_BUNDLE_IDENTIFIER = io.gula.MartianNewsTests;
				PRODUCT_NAME = "$(TARGET_NAME)";
				SWIFT_VERSION = 4.2;
				TARGETED_DEVICE_FAMILY = "1,2";
				TEST_HOST = "$(BUILT_PRODUCTS_DIR)/MartianNews.app/MartianNews";
			};
			name = Debug;
		};
		C2014A1B217E9B15009E27E5 /* Release */ = {
			isa = XCBuildConfiguration;
			buildSettings = {
				ALWAYS_EMBED_SWIFT_STANDARD_LIBRARIES = YES;
				BUNDLE_LOADER = "$(TEST_HOST)";
				CODE_SIGN_STYLE = Automatic;
				DEVELOPMENT_TEAM = 46H87FN8Z3;
				INFOPLIST_FILE = MartianNewsTests/Info.plist;
				LD_RUNPATH_SEARCH_PATHS = (
					"$(inherited)",
					"@executable_path/Frameworks",
					"@loader_path/Frameworks",
				);
				PRODUCT_BUNDLE_IDENTIFIER = io.gula.MartianNewsTests;
				PRODUCT_NAME = "$(TARGET_NAME)";
				SWIFT_VERSION = 4.2;
				TARGETED_DEVICE_FAMILY = "1,2";
				TEST_HOST = "$(BUILT_PRODUCTS_DIR)/MartianNews.app/MartianNews";
			};
			name = Release;
		};
/* End XCBuildConfiguration section */

/* Begin XCConfigurationList section */
		C20149F4217E9B13009E27E5 /* Build configuration list for PBXProject "MartianNews" */ = {
			isa = XCConfigurationList;
			buildConfigurations = (
				C2014A14217E9B15009E27E5 /* Debug */,
				C2014A15217E9B15009E27E5 /* Release */,
			);
			defaultConfigurationIsVisible = 0;
			defaultConfigurationName = Release;
		};
		C2014A16217E9B15009E27E5 /* Build configuration list for PBXNativeTarget "MartianNews" */ = {
			isa = XCConfigurationList;
			buildConfigurations = (
				C2014A17217E9B15009E27E5 /* Debug */,
				C2014A18217E9B15009E27E5 /* Release */,
			);
			defaultConfigurationIsVisible = 0;
			defaultConfigurationName = Release;
		};
		C2014A19217E9B15009E27E5 /* Build configuration list for PBXNativeTarget "MartianNewsTests" */ = {
			isa = XCConfigurationList;
			buildConfigurations = (
				C2014A1A217E9B15009E27E5 /* Debug */,
				C2014A1B217E9B15009E27E5 /* Release */,
			);
			defaultConfigurationIsVisible = 0;
			defaultConfigurationName = Release;
		};
/* End XCConfigurationList section */
	};
	rootObject = C20149F1217E9B13009E27E5 /* Project object */;
}
